// !$*UTF8*$!
{
	archiveVersion = 1;
	classes = {
	};
	objectVersion = 46;
	objects = {

/* Begin PBXFileReference section */
		98136B5119200D87006EC659 /* main.c */ = {isa = PBXFileReference; lastKnownFileType = sourcecode.c.c; path = main.c; sourceTree = "<group>"; };
		98136B5219200E1B006EC659 /* complex.h */ = {isa = PBXFileReference; lastKnownFileType = sourcecode.c.h; path = complex.h; sourceTree = "<group>"; };
		98136B5319200F8C006EC659 /* complex.c */ = {isa = PBXFileReference; lastKnownFileType = sourcecode.c.c; path = complex.c; sourceTree = "<group>"; };
/* End PBXFileReference section */

/* Begin PBXGroup section */
		98136B4A19200D53006EC659 = {
			isa = PBXGroup;
			children = (
				98136B5119200D87006EC659 /* main.c */,
				98136B5219200E1B006EC659 /* complex.h */,
				98136B5319200F8C006EC659 /* complex.c */,
			);
			sourceTree = "<group>";
		};
/* End PBXGroup section */

/* Begin PBXProject section */
		98136B4B19200D53006EC659 /* Project object */ = {
			isa = PBXProject;
			attributes = {
				LastUpgradeCheck = 0510;
			};
			buildConfigurationList = 98136B4E19200D53006EC659 /* Build configuration list for PBXProject "Maman 22" */;
			compatibilityVersion = "Xcode 3.2";
			developmentRegion = English;
			hasScannedForEncodings = 0;
			knownRegions = (
				en,
			);
			mainGroup = 98136B4A19200D53006EC659;
			projectDirPath = "";
			projectRoot = "";
			targets = (
			);
		};
/* End PBXProject section */

/* Begin XCBuildConfiguration section */
		98136B4F19200D53006EC659 /* Debug */ = {
			isa = XCBuildConfiguration;
			buildSettings = {
			};
			name = Debug;
		};
		98136B5019200D53006EC659 /* Release */ = {
			isa = XCBuildConfiguration;
			buildSettings = {
			};
			name = Release;
		};
/* End XCBuildConfiguration section */

/* Begin XCConfigurationList section */
		98136B4E19200D53006EC659 /* Build configuration list for PBXProject "Maman 22" */ = {
			isa = XCConfigurationList;
			buildConfigurations = (
				98136B4F19200D53006EC659 /* Debug */,
				98136B5019200D53006EC659 /* Release */,
			);
			defaultConfigurationIsVisible = 0;
			defaultConfigurationName = Release;
		};
/* End XCConfigurationList section */
	};
	rootObject = 98136B4B19200D53006EC659 /* Project object */;
}
